
Microsoft Visual Studio Solution File, Format Version 12.00
# Visual Studio Version 16
VisualStudioVersion = 16.0.29519.87
MinimumVisualStudioVersion = 10.0.40219.1
Project("{FAE04EC0-301F-11D3-BF4B-00C04F79EFBC}") = "test2222", "test2222\test2222.csproj", "{69F17776-26BF-4ED3-9B28-8035042B6B2B}"
EndProject
Global
	GlobalSection(SolutionConfigurationPlatforms) = preSolution
		Debug|Any CPU = Debug|Any CPU
		Release|Any CPU = Release|Any CPU
	EndGlobalSection
	GlobalSection(ProjectConfigurationPlatforms) = postSolution
		{69F17776-26BF-4ED3-9B28-8035042B6B2B}.Debug|Any CPU.ActiveCfg = Debug|Any CPU
		{69F17776-26BF-4ED3-9B28-8035042B6B2B}.Debug|Any CPU.Build.0 = Debug|Any CPU
		{69F17776-26BF-4ED3-9B28-8035042B6B2B}.Release|Any CPU.ActiveCfg = Release|Any CPU
		{69F17776-26BF-4ED3-9B28-8035042B6B2B}.Release|Any CPU.Build.0 = Release|Any CPU
	EndGlobalSection
	GlobalSection(SolutionProperties) = preSolution
		HideSolutionNode = FALSE
	EndGlobalSection
	GlobalSection(ExtensibilityGlobals) = postSolution
		SolutionGuid = {046FB24B-1CB0-4230-90E7-0704C0629555}
	EndGlobalSection
EndGlobal
