
Microsoft Visual Studio Solution File, Format Version 12.00
# Visual Studio 15
VisualStudioVersion = 15.0.28307.136
MinimumVisualStudioVersion = 10.0.40219.1
Project("{FAE04EC0-301F-11D3-BF4B-00C04F79EFBC}") = "Ex1", "Ex1\Ex1.csproj", "{FB197B59-9698-4342-B42F-6D0848761681}"
EndProject
Project("{FAE04EC0-301F-11D3-BF4B-00C04F79EFBC}") = "Attribute", "Attribute\Attribute.csproj", "{77807846-513F-4168-A15A-03F56CAFED85}"
EndProject
Global
	GlobalSection(SolutionConfigurationPlatforms) = preSolution
		Debug|Any CPU = Debug|Any CPU
		Release|Any CPU = Release|Any CPU
	EndGlobalSection
	GlobalSection(ProjectConfigurationPlatforms) = postSolution
		{FB197B59-9698-4342-B42F-6D0848761681}.Debug|Any CPU.ActiveCfg = Debug|Any CPU
		{FB197B59-9698-4342-B42F-6D0848761681}.Debug|Any CPU.Build.0 = Debug|Any CPU
		{FB197B59-9698-4342-B42F-6D0848761681}.Release|Any CPU.ActiveCfg = Release|Any CPU
		{FB197B59-9698-4342-B42F-6D0848761681}.Release|Any CPU.Build.0 = Release|Any CPU
		{77807846-513F-4168-A15A-03F56CAFED85}.Debug|Any CPU.ActiveCfg = Debug|Any CPU
		{77807846-513F-4168-A15A-03F56CAFED85}.Debug|Any CPU.Build.0 = Debug|Any CPU
		{77807846-513F-4168-A15A-03F56CAFED85}.Release|Any CPU.ActiveCfg = Release|Any CPU
		{77807846-513F-4168-A15A-03F56CAFED85}.Release|Any CPU.Build.0 = Release|Any CPU
	EndGlobalSection
	GlobalSection(SolutionProperties) = preSolution
		HideSolutionNode = FALSE
	EndGlobalSection
	GlobalSection(ExtensibilityGlobals) = postSolution
		SolutionGuid = {C4E14797-0B4D-49EF-85C5-EFB6277413FC}
	EndGlobalSection
EndGlobal
