
Microsoft Visual Studio Solution File, Format Version 12.00
# Visual Studio 15
VisualStudioVersion = 15.0.28307.136
MinimumVisualStudioVersion = 10.0.40219.1
Project("{FAE04EC0-301F-11D3-BF4B-00C04F79EFBC}") = "Database.Ex1", "Database.Ex1\Database.Ex1.csproj", "{0FAE34C1-A857-467E-BBA5-F5522E95C928}"
EndProject
Project("{FAE04EC0-301F-11D3-BF4B-00C04F79EFBC}") = "DataBaseTests", "DataBaseTests\DataBaseTests.csproj", "{B8F2ED36-DC1F-48C9-AB6E-033964D77AC6}"
EndProject
Project("{FAE04EC0-301F-11D3-BF4B-00C04F79EFBC}") = "CustomLinkedList", "CustomLinkedList\CustomLinkedList.csproj", "{E0921A36-6053-4689-ACAE-E84F0C647F07}"
EndProject
Project("{FAE04EC0-301F-11D3-BF4B-00C04F79EFBC}") = "LinkedList.Tests", "LinkedList.Tests\LinkedList.Tests.csproj", "{B4DD6755-9ACA-4C4A-AD9A-FFD09F19931B}"
EndProject
Global
	GlobalSection(SolutionConfigurationPlatforms) = preSolution
		Debug|Any CPU = Debug|Any CPU
		Release|Any CPU = Release|Any CPU
	EndGlobalSection
	GlobalSection(ProjectConfigurationPlatforms) = postSolution
		{0FAE34C1-A857-467E-BBA5-F5522E95C928}.Debug|Any CPU.ActiveCfg = Debug|Any CPU
		{0FAE34C1-A857-467E-BBA5-F5522E95C928}.Debug|Any CPU.Build.0 = Debug|Any CPU
		{0FAE34C1-A857-467E-BBA5-F5522E95C928}.Release|Any CPU.ActiveCfg = Release|Any CPU
		{0FAE34C1-A857-467E-BBA5-F5522E95C928}.Release|Any CPU.Build.0 = Release|Any CPU
		{B8F2ED36-DC1F-48C9-AB6E-033964D77AC6}.Debug|Any CPU.ActiveCfg = Debug|Any CPU
		{B8F2ED36-DC1F-48C9-AB6E-033964D77AC6}.Debug|Any CPU.Build.0 = Debug|Any CPU
		{B8F2ED36-DC1F-48C9-AB6E-033964D77AC6}.Release|Any CPU.ActiveCfg = Release|Any CPU
		{B8F2ED36-DC1F-48C9-AB6E-033964D77AC6}.Release|Any CPU.Build.0 = Release|Any CPU
		{E0921A36-6053-4689-ACAE-E84F0C647F07}.Debug|Any CPU.ActiveCfg = Debug|Any CPU
		{E0921A36-6053-4689-ACAE-E84F0C647F07}.Debug|Any CPU.Build.0 = Debug|Any CPU
		{E0921A36-6053-4689-ACAE-E84F0C647F07}.Release|Any CPU.ActiveCfg = Release|Any CPU
		{E0921A36-6053-4689-ACAE-E84F0C647F07}.Release|Any CPU.Build.0 = Release|Any CPU
		{B4DD6755-9ACA-4C4A-AD9A-FFD09F19931B}.Debug|Any CPU.ActiveCfg = Debug|Any CPU
		{B4DD6755-9ACA-4C4A-AD9A-FFD09F19931B}.Debug|Any CPU.Build.0 = Debug|Any CPU
		{B4DD6755-9ACA-4C4A-AD9A-FFD09F19931B}.Release|Any CPU.ActiveCfg = Release|Any CPU
		{B4DD6755-9ACA-4C4A-AD9A-FFD09F19931B}.Release|Any CPU.Build.0 = Release|Any CPU
	EndGlobalSection
	GlobalSection(SolutionProperties) = preSolution
		HideSolutionNode = FALSE
	EndGlobalSection
	GlobalSection(ExtensibilityGlobals) = postSolution
		SolutionGuid = {059F853D-400B-4FDD-AE2B-149D528B32DB}
	EndGlobalSection
EndGlobal
