
Microsoft Visual Studio Solution File, Format Version 12.00
# Visual Studio 15
VisualStudioVersion = 15.0.28307.136
MinimumVisualStudioVersion = 10.0.40219.1
Project("{9A19103F-16F7-4668-BE54-9A1E7A4F7556}") = "Heroes", "..\Heroes.csproj", "{B261B0BB-8DCA-47F9-8A5C-31A1CCE3A371}"
EndProject
Project("{9A19103F-16F7-4668-BE54-9A1E7A4F7556}") = "Event.Ex1", "..\Event.Ex1\Event.Ex1.csproj", "{375238EA-5E7A-43CC-8D93-C0A166129D7D}"
EndProject
Project("{FAE04EC0-301F-11D3-BF4B-00C04F79EFBC}") = "KingsGambit", "KingsGambit\KingsGambit.csproj", "{45648BE0-E682-4480-92ED-C2F86F4C158A}"
EndProject
Global
	GlobalSection(SolutionConfigurationPlatforms) = preSolution
		Debug|Any CPU = Debug|Any CPU
		Release|Any CPU = Release|Any CPU
	EndGlobalSection
	GlobalSection(ProjectConfigurationPlatforms) = postSolution
		{B261B0BB-8DCA-47F9-8A5C-31A1CCE3A371}.Debug|Any CPU.ActiveCfg = Debug|Any CPU
		{B261B0BB-8DCA-47F9-8A5C-31A1CCE3A371}.Debug|Any CPU.Build.0 = Debug|Any CPU
		{B261B0BB-8DCA-47F9-8A5C-31A1CCE3A371}.Release|Any CPU.ActiveCfg = Release|Any CPU
		{B261B0BB-8DCA-47F9-8A5C-31A1CCE3A371}.Release|Any CPU.Build.0 = Release|Any CPU
		{375238EA-5E7A-43CC-8D93-C0A166129D7D}.Debug|Any CPU.ActiveCfg = Debug|Any CPU
		{375238EA-5E7A-43CC-8D93-C0A166129D7D}.Debug|Any CPU.Build.0 = Debug|Any CPU
		{375238EA-5E7A-43CC-8D93-C0A166129D7D}.Release|Any CPU.ActiveCfg = Release|Any CPU
		{375238EA-5E7A-43CC-8D93-C0A166129D7D}.Release|Any CPU.Build.0 = Release|Any CPU
		{45648BE0-E682-4480-92ED-C2F86F4C158A}.Debug|Any CPU.ActiveCfg = Debug|Any CPU
		{45648BE0-E682-4480-92ED-C2F86F4C158A}.Debug|Any CPU.Build.0 = Debug|Any CPU
		{45648BE0-E682-4480-92ED-C2F86F4C158A}.Release|Any CPU.ActiveCfg = Release|Any CPU
		{45648BE0-E682-4480-92ED-C2F86F4C158A}.Release|Any CPU.Build.0 = Release|Any CPU
	EndGlobalSection
	GlobalSection(SolutionProperties) = preSolution
		HideSolutionNode = FALSE
	EndGlobalSection
	GlobalSection(ExtensibilityGlobals) = postSolution
		SolutionGuid = {CD2DDCE8-5E3A-4A0F-B044-BBD0D788E235}
	EndGlobalSection
EndGlobal
